<?xml version="1.0" encoding="utf-8"?>
<Project ToolsVersion="4.0" xmlns="http://schemas.microsoft.com/developer/msbuild/2003">
  <ItemGroup>
    <ClCompile Include="src\core\Camera.cpp" />
    <ClCompile Include="src\core\mesh\CubeMesh.cpp" />
    <ClCompile Include="src\core\mesh\QuadMesh.cpp" />
    <ClCompile Include="src\core\Mesh.cpp" />
    <ClCompile Include="src\core\mesh\TriangleMesh.cpp" />
    <ClCompile Include="src\managers\ResourceManager.cpp" />
    <ClCompile Include="src\core\Shader.cpp" />
    <ClCompile Include="src\glad\glad.c" />
    <ClCompile Include="src\core\GLApplication.cpp" />
    <ClCompile Include="main.cpp" />
    <ClCompile Include="Scene.cpp" />
  </ItemGroup>
  <ItemGroup>
    <ClInclude Include="src\core\Camera.h" />
    <ClInclude Include="src\core\mesh\CubeMesh.h" />
    <ClInclude Include="src\core\mesh\QuadMesh.h" />
    <ClInclude Include="src\core\GLApplication.h" />
    <ClInclude Include="src\core\Mesh.h" />
    <ClInclude Include="src\core\mesh\TriangleMesh.h" />
    <ClInclude Include="src\core\Shader.h" />
    <ClInclude Include="src\managers\ResourceManager.h" />
    <ClInclude Include="src\utils\logger.h" />
    <ClInclude Include="src\utils\Singleton.h" />
    <ClInclude Include="src\core\Scene.h" />
  </ItemGroup>
</Project>